// !$*UTF8*$!
{
	archiveVersion = 1;
	classes = {
	};
	objectVersion = 46;
	objects = {

/* Begin PBXBuildFile section */
		C945D13318A0453700307752 /* Foundation.framework in Frameworks */ = {isa = PBXBuildFile; fileRef = C945D13218A0453700307752 /* Foundation.framework */; };
		C945D13518A0453700307752 /* CoreGraphics.framework in Frameworks */ = {isa = PBXBuildFile; fileRef = C945D13418A0453700307752 /* CoreGraphics.framework */; };
		C945D13718A0453700307752 /* UIKit.framework in Frameworks */ = {isa = PBXBuildFile; fileRef = C945D13618A0453700307752 /* UIKit.framework */; };
		C945D13D18A0453700307752 /* InfoPlist.strings in Resources */ = {isa = PBXBuildFile; fileRef = C945D13B18A0453700307752 /* InfoPlist.strings */; };
		C945D13F18A0453700307752 /* main.m in Sources */ = {isa = PBXBuildFile; fileRef = C945D13E18A0453700307752 /* main.m */; };
		C945D14318A0453700307752 /* AppDelegate.m in Sources */ = {isa = PBXBuildFile; fileRef = C945D14218A0453700307752 /* AppDelegate.m */; };
		C945D14618A0453700307752 /* Main.storyboard in Resources */ = {isa = PBXBuildFile; fileRef = C945D14418A0453700307752 /* Main.storyboard */; };
		C945D14918A0453700307752 /* HomeViewController.m in Sources */ = {isa = PBXBuildFile; fileRef = C945D14818A0453700307752 /* HomeViewController.m */; };
		C945D14B18A0453700307752 /* Images.xcassets in Resources */ = {isa = PBXBuildFile; fileRef = C945D14A18A0453700307752 /* Images.xcassets */; };
		C945D15218A0453700307752 /* XCTest.framework in Frameworks */ = {isa = PBXBuildFile; fileRef = C945D15118A0453700307752 /* XCTest.framework */; };
		C945D15318A0453700307752 /* Foundation.framework in Frameworks */ = {isa = PBXBuildFile; fileRef = C945D13218A0453700307752 /* Foundation.framework */; };
		C945D15418A0453700307752 /* UIKit.framework in Frameworks */ = {isa = PBXBuildFile; fileRef = C945D13618A0453700307752 /* UIKit.framework */; };
		C945D15C18A0453700307752 /* InfoPlist.strings in Resources */ = {isa = PBXBuildFile; fileRef = C945D15A18A0453700307752 /* InfoPlist.strings */; };
		C945D15E18A0453700307752 /* MMITests.m in Sources */ = {isa = PBXBuildFile; fileRef = C945D15D18A0453700307752 /* MMITests.m */; };
		C945D16918A05F9A00307752 /* FeedTableViewCell.m in Sources */ = {isa = PBXBuildFile; fileRef = C945D16818A05F9A00307752 /* FeedTableViewCell.m */; };
		C945D16B18A09B4200307752 /* nicolascage320.jpeg in Resources */ = {isa = PBXBuildFile; fileRef = C945D16A18A09B4200307752 /* nicolascage320.jpeg */; };
/* End PBXBuildFile section */

/* Begin PBXContainerItemProxy section */
		C945D15518A0453700307752 /* PBXContainerItemProxy */ = {
			isa = PBXContainerItemProxy;
			containerPortal = C945D12718A0453700307752 /* Project object */;
			proxyType = 1;
			remoteGlobalIDString = C945D12E18A0453700307752;
			remoteInfo = MMI;
		};
/* End PBXContainerItemProxy section */

/* Begin PBXFileReference section */
		C945D12F18A0453700307752 /* MMI.app */ = {isa = PBXFileReference; explicitFileType = wrapper.application; includeInIndex = 0; path = MMI.app; sourceTree = BUILT_PRODUCTS_DIR; };
		C945D13218A0453700307752 /* Foundation.framework */ = {isa = PBXFileReference; lastKnownFileType = wrapper.framework; name = Foundation.framework; path = System/Library/Frameworks/Foundation.framework; sourceTree = SDKROOT; };
		C945D13418A0453700307752 /* CoreGraphics.framework */ = {isa = PBXFileReference; lastKnownFileType = wrapper.framework; name = CoreGraphics.framework; path = System/Library/Frameworks/CoreGraphics.framework; sourceTree = SDKROOT; };
		C945D13618A0453700307752 /* UIKit.framework */ = {isa = PBXFileReference; lastKnownFileType = wrapper.framework; name = UIKit.framework; path = System/Library/Frameworks/UIKit.framework; sourceTree = SDKROOT; };
		C945D13A18A0453700307752 /* MMI-Info.plist */ = {isa = PBXFileReference; lastKnownFileType = text.plist.xml; path = "MMI-Info.plist"; sourceTree = "<group>"; };
		C945D13C18A0453700307752 /* en */ = {isa = PBXFileReference; lastKnownFileType = text.plist.strings; name = en; path = en.lproj/InfoPlist.strings; sourceTree = "<group>"; };
		C945D13E18A0453700307752 /* main.m */ = {isa = PBXFileReference; lastKnownFileType = sourcecode.c.objc; path = main.m; sourceTree = "<group>"; };
		C945D14018A0453700307752 /* MMI-Prefix.pch */ = {isa = PBXFileReference; lastKnownFileType = sourcecode.c.h; path = "MMI-Prefix.pch"; sourceTree = "<group>"; };
		C945D14118A0453700307752 /* AppDelegate.h */ = {isa = PBXFileReference; lastKnownFileType = sourcecode.c.h; path = AppDelegate.h; sourceTree = "<group>"; };
		C945D14218A0453700307752 /* AppDelegate.m */ = {isa = PBXFileReference; lastKnownFileType = sourcecode.c.objc; path = AppDelegate.m; sourceTree = "<group>"; };
		C945D14518A0453700307752 /* Base */ = {isa = PBXFileReference; lastKnownFileType = file.storyboard; name = Base; path = Base.lproj/Main.storyboard; sourceTree = "<group>"; };
		C945D14718A0453700307752 /* HomeViewController.h */ = {isa = PBXFileReference; lastKnownFileType = sourcecode.c.h; path = HomeViewController.h; sourceTree = "<group>"; };
		C945D14818A0453700307752 /* HomeViewController.m */ = {isa = PBXFileReference; lastKnownFileType = sourcecode.c.objc; path = HomeViewController.m; sourceTree = "<group>"; };
		C945D14A18A0453700307752 /* Images.xcassets */ = {isa = PBXFileReference; lastKnownFileType = folder.assetcatalog; path = Images.xcassets; sourceTree = "<group>"; };
		C945D15018A0453700307752 /* MMITests.xctest */ = {isa = PBXFileReference; explicitFileType = wrapper.cfbundle; includeInIndex = 0; path = MMITests.xctest; sourceTree = BUILT_PRODUCTS_DIR; };
		C945D15118A0453700307752 /* XCTest.framework */ = {isa = PBXFileReference; lastKnownFileType = wrapper.framework; name = XCTest.framework; path = Library/Frameworks/XCTest.framework; sourceTree = DEVELOPER_DIR; };
		C945D15918A0453700307752 /* MMITests-Info.plist */ = {isa = PBXFileReference; lastKnownFileType = text.plist.xml; path = "MMITests-Info.plist"; sourceTree = "<group>"; };
		C945D15B18A0453700307752 /* en */ = {isa = PBXFileReference; lastKnownFileType = text.plist.strings; name = en; path = en.lproj/InfoPlist.strings; sourceTree = "<group>"; };
		C945D15D18A0453700307752 /* MMITests.m */ = {isa = PBXFileReference; lastKnownFileType = sourcecode.c.objc; path = MMITests.m; sourceTree = "<group>"; };
		C945D16718A05F9A00307752 /* FeedTableViewCell.h */ = {isa = PBXFileReference; fileEncoding = 4; lastKnownFileType = sourcecode.c.h; path = FeedTableViewCell.h; sourceTree = "<group>"; };
		C945D16818A05F9A00307752 /* FeedTableViewCell.m */ = {isa = PBXFileReference; fileEncoding = 4; lastKnownFileType = sourcecode.c.objc; path = FeedTableViewCell.m; sourceTree = "<group>"; };
		C945D16A18A09B4200307752 /* nicolascage320.jpeg */ = {isa = PBXFileReference; lastKnownFileType = image.jpeg; path = nicolascage320.jpeg; sourceTree = "<group>"; };
/* End PBXFileReference section */

/* Begin PBXFrameworksBuildPhase section */
		C945D12C18A0453700307752 /* Frameworks */ = {
			isa = PBXFrameworksBuildPhase;
			buildActionMask = 2147483647;
			files = (
				C945D13518A0453700307752 /* CoreGraphics.framework in Frameworks */,
				C945D13718A0453700307752 /* UIKit.framework in Frameworks */,
				C945D13318A0453700307752 /* Foundation.framework in Frameworks */,
			);
			runOnlyForDeploymentPostprocessing = 0;
		};
		C945D14D18A0453700307752 /* Frameworks */ = {
			isa = PBXFrameworksBuildPhase;
			buildActionMask = 2147483647;
			files = (
				C945D15218A0453700307752 /* XCTest.framework in Frameworks */,
				C945D15418A0453700307752 /* UIKit.framework in Frameworks */,
				C945D15318A0453700307752 /* Foundation.framework in Frameworks */,
			);
			runOnlyForDeploymentPostprocessing = 0;
		};
/* End PBXFrameworksBuildPhase section */

/* Begin PBXGroup section */
		C945D12618A0453700307752 = {
			isa = PBXGroup;
			children = (
				C945D13818A0453700307752 /* MMI */,
				C945D15718A0453700307752 /* MMITests */,
				C945D13118A0453700307752 /* Frameworks */,
				C945D13018A0453700307752 /* Products */,
			);
			sourceTree = "<group>";
		};
		C945D13018A0453700307752 /* Products */ = {
			isa = PBXGroup;
			children = (
				C945D12F18A0453700307752 /* MMI.app */,
				C945D15018A0453700307752 /* MMITests.xctest */,
			);
			name = Products;
			sourceTree = "<group>";
		};
		C945D13118A0453700307752 /* Frameworks */ = {
			isa = PBXGroup;
			children = (
				C945D13218A0453700307752 /* Foundation.framework */,
				C945D13418A0453700307752 /* CoreGraphics.framework */,
				C945D13618A0453700307752 /* UIKit.framework */,
				C945D15118A0453700307752 /* XCTest.framework */,
			);
			name = Frameworks;
			sourceTree = "<group>";
		};
		C945D13818A0453700307752 /* MMI */ = {
			isa = PBXGroup;
			children = (
				C945D14118A0453700307752 /* AppDelegate.h */,
				C945D14218A0453700307752 /* AppDelegate.m */,
				C945D14418A0453700307752 /* Main.storyboard */,
				C945D14718A0453700307752 /* HomeViewController.h */,
				C945D14818A0453700307752 /* HomeViewController.m */,
				C945D16718A05F9A00307752 /* FeedTableViewCell.h */,
				C945D16818A05F9A00307752 /* FeedTableViewCell.m */,
				C945D14A18A0453700307752 /* Images.xcassets */,
				C945D13918A0453700307752 /* Supporting Files */,
			);
			path = MMI;
			sourceTree = "<group>";
		};
		C945D13918A0453700307752 /* Supporting Files */ = {
			isa = PBXGroup;
			children = (
				C945D16A18A09B4200307752 /* nicolascage320.jpeg */,
				C945D13A18A0453700307752 /* MMI-Info.plist */,
				C945D13B18A0453700307752 /* InfoPlist.strings */,
				C945D13E18A0453700307752 /* main.m */,
				C945D14018A0453700307752 /* MMI-Prefix.pch */,
			);
			name = "Supporting Files";
			sourceTree = "<group>";
		};
		C945D15718A0453700307752 /* MMITests */ = {
			isa = PBXGroup;
			children = (
				C945D15D18A0453700307752 /* MMITests.m */,
				C945D15818A0453700307752 /* Supporting Files */,
			);
			path = MMITests;
			sourceTree = "<group>";
		};
		C945D15818A0453700307752 /* Supporting Files */ = {
			isa = PBXGroup;
			children = (
				C945D15918A0453700307752 /* MMITests-Info.plist */,
				C945D15A18A0453700307752 /* InfoPlist.strings */,
			);
			name = "Supporting Files";
			sourceTree = "<group>";
		};
/* End PBXGroup section */

/* Begin PBXNativeTarget section */
		C945D12E18A0453700307752 /* MMI */ = {
			isa = PBXNativeTarget;
			buildConfigurationList = C945D16118A0453700307752 /* Build configuration list for PBXNativeTarget "MMI" */;
			buildPhases = (
				C945D12B18A0453700307752 /* Sources */,
				C945D12C18A0453700307752 /* Frameworks */,
				C945D12D18A0453700307752 /* Resources */,
			);
			buildRules = (
			);
			dependencies = (
			);
			name = MMI;
			productName = MMI;
			productReference = C945D12F18A0453700307752 /* MMI.app */;
			productType = "com.apple.product-type.application";
		};
		C945D14F18A0453700307752 /* MMITests */ = {
			isa = PBXNativeTarget;
			buildConfigurationList = C945D16418A0453700307752 /* Build configuration list for PBXNativeTarget "MMITests" */;
			buildPhases = (
				C945D14C18A0453700307752 /* Sources */,
				C945D14D18A0453700307752 /* Frameworks */,
				C945D14E18A0453700307752 /* Resources */,
			);
			buildRules = (
			);
			dependencies = (
				C945D15618A0453700307752 /* PBXTargetDependency */,
			);
			name = MMITests;
			productName = MMITests;
			productReference = C945D15018A0453700307752 /* MMITests.xctest */;
			productType = "com.apple.product-type.bundle.unit-test";
		};
/* End PBXNativeTarget section */

/* Begin PBXProject section */
		C945D12718A0453700307752 /* Project object */ = {
			isa = PBXProject;
			attributes = {
				LastUpgradeCheck = 0500;
				ORGANIZATIONNAME = "Matthew Voracek";
				TargetAttributes = {
					C945D14F18A0453700307752 = {
						TestTargetID = C945D12E18A0453700307752;
					};
				};
			};
			buildConfigurationList = C945D12A18A0453700307752 /* Build configuration list for PBXProject "MMI" */;
			compatibilityVersion = "Xcode 3.2";
			developmentRegion = English;
			hasScannedForEncodings = 0;
			knownRegions = (
				en,
				Base,
			);
			mainGroup = C945D12618A0453700307752;
			productRefGroup = C945D13018A0453700307752 /* Products */;
			projectDirPath = "";
			projectRoot = "";
			targets = (
				C945D12E18A0453700307752 /* MMI */,
				C945D14F18A0453700307752 /* MMITests */,
			);
		};
/* End PBXProject section */

/* Begin PBXResourcesBuildPhase section */
		C945D12D18A0453700307752 /* Resources */ = {
			isa = PBXResourcesBuildPhase;
			buildActionMask = 2147483647;
			files = (
				C945D14B18A0453700307752 /* Images.xcassets in Resources */,
				C945D16B18A09B4200307752 /* nicolascage320.jpeg in Resources */,
				C945D13D18A0453700307752 /* InfoPlist.strings in Resources */,
				C945D14618A0453700307752 /* Main.storyboard in Resources */,
			);
			runOnlyForDeploymentPostprocessing = 0;
		};
		C945D14E18A0453700307752 /* Resources */ = {
			isa = PBXResourcesBuildPhase;
			buildActionMask = 2147483647;
			files = (
				C945D15C18A0453700307752 /* InfoPlist.strings in Resources */,
			);
			runOnlyForDeploymentPostprocessing = 0;
		};
/* End PBXResourcesBuildPhase section */

/* Begin PBXSourcesBuildPhase section */
		C945D12B18A0453700307752 /* Sources */ = {
			isa = PBXSourcesBuildPhase;
			buildActionMask = 2147483647;
			files = (
				C945D14918A0453700307752 /* HomeViewController.m in Sources */,
				C945D16918A05F9A00307752 /* FeedTableViewCell.m in Sources */,
				C945D14318A0453700307752 /* AppDelegate.m in Sources */,
				C945D13F18A0453700307752 /* main.m in Sources */,
			);
			runOnlyForDeploymentPostprocessing = 0;
		};
		C945D14C18A0453700307752 /* Sources */ = {
			isa = PBXSourcesBuildPhase;
			buildActionMask = 2147483647;
			files = (
				C945D15E18A0453700307752 /* MMITests.m in Sources */,
			);
			runOnlyForDeploymentPostprocessing = 0;
		};
/* End PBXSourcesBuildPhase section */

/* Begin PBXTargetDependency section */
		C945D15618A0453700307752 /* PBXTargetDependency */ = {
			isa = PBXTargetDependency;
			target = C945D12E18A0453700307752 /* MMI */;
			targetProxy = C945D15518A0453700307752 /* PBXContainerItemProxy */;
		};
/* End PBXTargetDependency section */

/* Begin PBXVariantGroup section */
		C945D13B18A0453700307752 /* InfoPlist.strings */ = {
			isa = PBXVariantGroup;
			children = (
				C945D13C18A0453700307752 /* en */,
			);
			name = InfoPlist.strings;
			sourceTree = "<group>";
		};
		C945D14418A0453700307752 /* Main.storyboard */ = {
			isa = PBXVariantGroup;
			children = (
				C945D14518A0453700307752 /* Base */,
			);
			name = Main.storyboard;
			sourceTree = "<group>";
		};
		C945D15A18A0453700307752 /* InfoPlist.strings */ = {
			isa = PBXVariantGroup;
			children = (
				C945D15B18A0453700307752 /* en */,
			);
			name = InfoPlist.strings;
			sourceTree = "<group>";
		};
/* End PBXVariantGroup section */

/* Begin XCBuildConfiguration section */
		C945D15F18A0453700307752 /* Debug */ = {
			isa = XCBuildConfiguration;
			buildSettings = {
				ALWAYS_SEARCH_USER_PATHS = NO;
				ARCHS = "$(ARCHS_STANDARD_INCLUDING_64_BIT)";
				CLANG_CXX_LANGUAGE_STANDARD = "gnu++0x";
				CLANG_CXX_LIBRARY = "libc++";
				CLANG_ENABLE_MODULES = YES;
				CLANG_ENABLE_OBJC_ARC = YES;
				CLANG_WARN_BOOL_CONVERSION = YES;
				CLANG_WARN_CONSTANT_CONVERSION = YES;
				CLANG_WARN_DIRECT_OBJC_ISA_USAGE = YES_ERROR;
				CLANG_WARN_EMPTY_BODY = YES;
				CLANG_WARN_ENUM_CONVERSION = YES;
				CLANG_WARN_INT_CONVERSION = YES;
				CLANG_WARN_OBJC_ROOT_CLASS = YES_ERROR;
				CLANG_WARN__DUPLICATE_METHOD_MATCH = YES;
				"CODE_SIGN_IDENTITY[sdk=iphoneos*]" = "iPhone Developer";
				COPY_PHASE_STRIP = NO;
				GCC_C_LANGUAGE_STANDARD = gnu99;
				GCC_DYNAMIC_NO_PIC = NO;
				GCC_OPTIMIZATION_LEVEL = 0;
				GCC_PREPROCESSOR_DEFINITIONS = (
					"DEBUG=1",
					"$(inherited)",
				);
				GCC_SYMBOLS_PRIVATE_EXTERN = NO;
				GCC_WARN_64_TO_32_BIT_CONVERSION = YES;
				GCC_WARN_ABOUT_RETURN_TYPE = YES_ERROR;
				GCC_WARN_UNDECLARED_SELECTOR = YES;
				GCC_WARN_UNINITIALIZED_AUTOS = YES;
				GCC_WARN_UNUSED_FUNCTION = YES;
				GCC_WARN_UNUSED_VARIABLE = YES;
				IPHONEOS_DEPLOYMENT_TARGET = 7.0;
				ONLY_ACTIVE_ARCH = YES;
				SDKROOT = iphoneos;
			};
			name = Debug;
		};
		C945D16018A0453700307752 /* Release */ = {
			isa = XCBuildConfiguration;
			buildSettings = {
				ALWAYS_SEARCH_USER_PATHS = NO;
				ARCHS = "$(ARCHS_STANDARD_INCLUDING_64_BIT)";
				CLANG_CXX_LANGUAGE_STANDARD = "gnu++0x";
				CLANG_CXX_LIBRARY = "libc++";
				CLANG_ENABLE_MODULES = YES;
				CLANG_ENABLE_OBJC_ARC = YES;
				CLANG_WARN_BOOL_CONVERSION = YES;
				CLANG_WARN_CONSTANT_CONVERSION = YES;
				CLANG_WARN_DIRECT_OBJC_ISA_USAGE = YES_ERROR;
				CLANG_WARN_EMPTY_BODY = YES;
				CLANG_WARN_ENUM_CONVERSION = YES;
				CLANG_WARN_INT_CONVERSION = YES;
				CLANG_WARN_OBJC_ROOT_CLASS = YES_ERROR;
				CLANG_WARN__DUPLICATE_METHOD_MATCH = YES;
				"CODE_SIGN_IDENTITY[sdk=iphoneos*]" = "iPhone Developer";
				COPY_PHASE_STRIP = YES;
				ENABLE_NS_ASSERTIONS = NO;
				GCC_C_LANGUAGE_STANDARD = gnu99;
				GCC_WARN_64_TO_32_BIT_CONVERSION = YES;
				GCC_WARN_ABOUT_RETURN_TYPE = YES_ERROR;
				GCC_WARN_UNDECLARED_SELECTOR = YES;
				GCC_WARN_UNINITIALIZED_AUTOS = YES;
				GCC_WARN_UNUSED_FUNCTION = YES;
				GCC_WARN_UNUSED_VARIABLE = YES;
				IPHONEOS_DEPLOYMENT_TARGET = 7.0;
				SDKROOT = iphoneos;
				VALIDATE_PRODUCT = YES;
			};
			name = Release;
		};
		C945D16218A0453700307752 /* Debug */ = {
			isa = XCBuildConfiguration;
			buildSettings = {
				ASSETCATALOG_COMPILER_APPICON_NAME = AppIcon;
				ASSETCATALOG_COMPILER_LAUNCHIMAGE_NAME = LaunchImage;
				GCC_PRECOMPILE_PREFIX_HEADER = YES;
				GCC_PREFIX_HEADER = "MMI/MMI-Prefix.pch";
				INFOPLIST_FILE = "MMI/MMI-Info.plist";
				PRODUCT_NAME = "$(TARGET_NAME)";
				WRAPPER_EXTENSION = app;
			};
			name = Debug;
		};
		C945D16318A0453700307752 /* Release */ = {
			isa = XCBuildConfiguration;
			buildSettings = {
				ASSETCATALOG_COMPILER_APPICON_NAME = AppIcon;
				ASSETCATALOG_COMPILER_LAUNCHIMAGE_NAME = LaunchImage;
				GCC_PRECOMPILE_PREFIX_HEADER = YES;
				GCC_PREFIX_HEADER = "MMI/MMI-Prefix.pch";
				INFOPLIST_FILE = "MMI/MMI-Info.plist";
				PRODUCT_NAME = "$(TARGET_NAME)";
				WRAPPER_EXTENSION = app;
			};
			name = Release;
		};
		C945D16518A0453700307752 /* Debug */ = {
			isa = XCBuildConfiguration;
			buildSettings = {
				ARCHS = "$(ARCHS_STANDARD_INCLUDING_64_BIT)";
				BUNDLE_LOADER = "$(BUILT_PRODUCTS_DIR)/MMI.app/MMI";
				FRAMEWORK_SEARCH_PATHS = (
					"$(SDKROOT)/Developer/Library/Frameworks",
					"$(inherited)",
					"$(DEVELOPER_FRAMEWORKS_DIR)",
				);
				GCC_PRECOMPILE_PREFIX_HEADER = YES;
				GCC_PREFIX_HEADER = "MMI/MMI-Prefix.pch";
				GCC_PREPROCESSOR_DEFINITIONS = (
					"DEBUG=1",
					"$(inherited)",
				);
				INFOPLIST_FILE = "MMITests/MMITests-Info.plist";
				PRODUCT_NAME = "$(TARGET_NAME)";
				TEST_HOST = "$(BUNDLE_LOADER)";
				WRAPPER_EXTENSION = xctest;
			};
			name = Debug;
		};
		C945D16618A0453700307752 /* Release */ = {
			isa = XCBuildConfiguration;
			buildSettings = {
				ARCHS = "$(ARCHS_STANDARD_INCLUDING_64_BIT)";
				BUNDLE_LOADER = "$(BUILT_PRODUCTS_DIR)/MMI.app/MMI";
				FRAMEWORK_SEARCH_PATHS = (
					"$(SDKROOT)/Developer/Library/Frameworks",
					"$(inherited)",
					"$(DEVELOPER_FRAMEWORKS_DIR)",
				);
				GCC_PRECOMPILE_PREFIX_HEADER = YES;
				GCC_PREFIX_HEADER = "MMI/MMI-Prefix.pch";
				INFOPLIST_FILE = "MMITests/MMITests-Info.plist";
				PRODUCT_NAME = "$(TARGET_NAME)";
				TEST_HOST = "$(BUNDLE_LOADER)";
				WRAPPER_EXTENSION = xctest;
			};
			name = Release;
		};
/* End XCBuildConfiguration section */

/* Begin XCConfigurationList section */
		C945D12A18A0453700307752 /* Build configuration list for PBXProject "MMI" */ = {
			isa = XCConfigurationList;
			buildConfigurations = (
				C945D15F18A0453700307752 /* Debug */,
				C945D16018A0453700307752 /* Release */,
			);
			defaultConfigurationIsVisible = 0;
			defaultConfigurationName = Release;
		};
		C945D16118A0453700307752 /* Build configuration list for PBXNativeTarget "MMI" */ = {
			isa = XCConfigurationList;
			buildConfigurations = (
				C945D16218A0453700307752 /* Debug */,
				C945D16318A0453700307752 /* Release */,
			);
			defaultConfigurationIsVisible = 0;
		};
		C945D16418A0453700307752 /* Build configuration list for PBXNativeTarget "MMITests" */ = {
			isa = XCConfigurationList;
			buildConfigurations = (
				C945D16518A0453700307752 /* Debug */,
				C945D16618A0453700307752 /* Release */,
			);
			defaultConfigurationIsVisible = 0;
		};
/* End XCConfigurationList section */
	};
	rootObject = C945D12718A0453700307752 /* Project object */;
}
